
Microsoft Visual Studio Solution File, Format Version 12.00
# Visual Studio Version 17
VisualStudioVersion = 17.0.31903.59
MinimumVisualStudioVersion = 10.0.40219.1
Project("{FAE04EC0-301F-11D3-BF4B-00C04F79EFBC}") = "ProjexHR.WebApi", "ProjexHR.WebApi\ProjexHR.WebApi.csproj", "{197BDC80-D37C-4314-8FD6-C8D6FDAA94D5}"
EndProject
Project("{FAE04EC0-301F-11D3-BF4B-00C04F79EFBC}") = "ProjexHR.Shared", "ProjexHR.Shared\ProjexHR.Shared.csproj", "{4614006B-F635-45DB-80C8-E7A9942D7C95}"
EndProject
Project("{FAE04EC0-301F-11D3-BF4B-00C04F79EFBC}") = "ProjexHR.Core", "ProjexHR.Core\ProjexHR.Core.csproj", "{F26EEC4B-2992-433C-9CDA-7562121A54C4}"
EndProject
Project("{FAE04EC0-301F-11D3-BF4B-00C04F79EFBC}") = "ProjexHR.Business", "ProjexHR.Business\ProjexHR.Business.csproj", "{29C3EBF5-C975-47BC-B421-DDA2B2A0D3B0}"
EndProject
Global
	GlobalSection(SolutionConfigurationPlatforms) = preSolution
		Debug|Any CPU = Debug|Any CPU
		Release|Any CPU = Release|Any CPU
	EndGlobalSection
	GlobalSection(SolutionProperties) = preSolution
		HideSolutionNode = FALSE
	EndGlobalSection
	GlobalSection(ProjectConfigurationPlatforms) = postSolution
		{197BDC80-D37C-4314-8FD6-C8D6FDAA94D5}.Debug|Any CPU.ActiveCfg = Debug|Any CPU
		{197BDC80-D37C-4314-8FD6-C8D6FDAA94D5}.Debug|Any CPU.Build.0 = Debug|Any CPU
		{197BDC80-D37C-4314-8FD6-C8D6FDAA94D5}.Release|Any CPU.ActiveCfg = Release|Any CPU
		{197BDC80-D37C-4314-8FD6-C8D6FDAA94D5}.Release|Any CPU.Build.0 = Release|Any CPU
		{4614006B-F635-45DB-80C8-E7A9942D7C95}.Debug|Any CPU.ActiveCfg = Debug|Any CPU
		{4614006B-F635-45DB-80C8-E7A9942D7C95}.Debug|Any CPU.Build.0 = Debug|Any CPU
		{4614006B-F635-45DB-80C8-E7A9942D7C95}.Release|Any CPU.ActiveCfg = Release|Any CPU
		{4614006B-F635-45DB-80C8-E7A9942D7C95}.Release|Any CPU.Build.0 = Release|Any CPU
		{F26EEC4B-2992-433C-9CDA-7562121A54C4}.Debug|Any CPU.ActiveCfg = Debug|Any CPU
		{F26EEC4B-2992-433C-9CDA-7562121A54C4}.Debug|Any CPU.Build.0 = Debug|Any CPU
		{F26EEC4B-2992-433C-9CDA-7562121A54C4}.Release|Any CPU.ActiveCfg = Release|Any CPU
		{F26EEC4B-2992-433C-9CDA-7562121A54C4}.Release|Any CPU.Build.0 = Release|Any CPU
		{29C3EBF5-C975-47BC-B421-DDA2B2A0D3B0}.Debug|Any CPU.ActiveCfg = Debug|Any CPU
		{29C3EBF5-C975-47BC-B421-DDA2B2A0D3B0}.Debug|Any CPU.Build.0 = Debug|Any CPU
		{29C3EBF5-C975-47BC-B421-DDA2B2A0D3B0}.Release|Any CPU.ActiveCfg = Release|Any CPU
		{29C3EBF5-C975-47BC-B421-DDA2B2A0D3B0}.Release|Any CPU.Build.0 = Release|Any CPU
	EndGlobalSection
EndGlobal
